
Microsoft Visual Studio Solution File, Format Version 12.00
# Visual Studio Version 16
VisualStudioVersion = 16.0.30907.101
MinimumVisualStudioVersion = 10.0.40219.1
Project("{FAE04EC0-301F-11D3-BF4B-00C04F79EFBC}") = "COMPLEX_Project_CELENK_Burakhan", "COMPLEX_Project_CELENK_Burakhan\COMPLEX_Project_CELENK_Burakhan.csproj", "{A0BF70D5-980F-41A6-A0BD-9150D8C5112A}"
EndProject
Global
	GlobalSection(SolutionConfigurationPlatforms) = preSolution
		Debug|Any CPU = Debug|Any CPU
		Release|Any CPU = Release|Any CPU
	EndGlobalSection
	GlobalSection(ProjectConfigurationPlatforms) = postSolution
		{A0BF70D5-980F-41A6-A0BD-9150D8C5112A}.Debug|Any CPU.ActiveCfg = Debug|Any CPU
		{A0BF70D5-980F-41A6-A0BD-9150D8C5112A}.Debug|Any CPU.Build.0 = Debug|Any CPU
		{A0BF70D5-980F-41A6-A0BD-9150D8C5112A}.Release|Any CPU.ActiveCfg = Release|Any CPU
		{A0BF70D5-980F-41A6-A0BD-9150D8C5112A}.Release|Any CPU.Build.0 = Release|Any CPU
	EndGlobalSection
	GlobalSection(SolutionProperties) = preSolution
		HideSolutionNode = FALSE
	EndGlobalSection
	GlobalSection(ExtensibilityGlobals) = postSolution
		SolutionGuid = {F67FC20C-A2D4-4C99-BF12-8CBE4AEB4F66}
	EndGlobalSection
EndGlobal
